
Microsoft Visual Studio Solution File, Format Version 12.00
# Visual Studio Version 17
VisualStudioVersion = 17.1.32210.238
MinimumVisualStudioVersion = 10.0.40219.1
Project("{FAE04EC0-301F-11D3-BF4B-00C04F79EFBC}") = "Kaffeeproject", "Kaffeeproject\Kaffeeproject.csproj", "{5EA1C62F-4872-4317-BD57-007639AB345E}"
EndProject
Global
	GlobalSection(SolutionConfigurationPlatforms) = preSolution
		Debug|Any CPU = Debug|Any CPU
		Release|Any CPU = Release|Any CPU
	EndGlobalSection
	GlobalSection(ProjectConfigurationPlatforms) = postSolution
		{5EA1C62F-4872-4317-BD57-007639AB345E}.Debug|Any CPU.ActiveCfg = Debug|Any CPU
		{5EA1C62F-4872-4317-BD57-007639AB345E}.Debug|Any CPU.Build.0 = Debug|Any CPU
		{5EA1C62F-4872-4317-BD57-007639AB345E}.Release|Any CPU.ActiveCfg = Release|Any CPU
		{5EA1C62F-4872-4317-BD57-007639AB345E}.Release|Any CPU.Build.0 = Release|Any CPU
	EndGlobalSection
	GlobalSection(SolutionProperties) = preSolution
		HideSolutionNode = FALSE
	EndGlobalSection
	GlobalSection(ExtensibilityGlobals) = postSolution
		SolutionGuid = {28C6D901-580D-472C-AEBA-29F775BA4BCE}
	EndGlobalSection
EndGlobal
